
Microsoft Visual Studio Solution File, Format Version 12.00
Project("{FAE04EC0-301F-11D3-BF4B-00C04F79EFBC}") = "ThemeExample", "ThemeExample\ThemeExample.csproj", "{C9197262-EE20-4B4F-9464-1B22D07DA948}"
EndProject
Global
	GlobalSection(SolutionConfigurationPlatforms) = preSolution
		Debug|Any CPU = Debug|Any CPU
		Release|Any CPU = Release|Any CPU
	EndGlobalSection
	GlobalSection(ProjectConfigurationPlatforms) = postSolution
		{C9197262-EE20-4B4F-9464-1B22D07DA948}.Debug|Any CPU.ActiveCfg = Debug|Any CPU
		{C9197262-EE20-4B4F-9464-1B22D07DA948}.Debug|Any CPU.Build.0 = Debug|Any CPU
		{C9197262-EE20-4B4F-9464-1B22D07DA948}.Release|Any CPU.ActiveCfg = Release|Any CPU
		{C9197262-EE20-4B4F-9464-1B22D07DA948}.Release|Any CPU.Build.0 = Release|Any CPU
	EndGlobalSection
EndGlobal
